
Microsoft Visual Studio Solution File, Format Version 12.00
# Visual Studio Version 17
VisualStudioVersion = 17.1.32210.238
MinimumVisualStudioVersion = 10.0.40219.1
Project("{FAE04EC0-301F-11D3-BF4B-00C04F79EFBC}") = "LADISLAV KO6ej", "LADISLAV KO6ej\LADISLAV KO6ej.csproj", "{2779053C-5962-44D6-8F44-5AAA4ADF5AA2}"
EndProject
Global
	GlobalSection(SolutionConfigurationPlatforms) = preSolution
		Debug|Any CPU = Debug|Any CPU
		Release|Any CPU = Release|Any CPU
	EndGlobalSection
	GlobalSection(ProjectConfigurationPlatforms) = postSolution
		{2779053C-5962-44D6-8F44-5AAA4ADF5AA2}.Debug|Any CPU.ActiveCfg = Debug|Any CPU
		{2779053C-5962-44D6-8F44-5AAA4ADF5AA2}.Debug|Any CPU.Build.0 = Debug|Any CPU
		{2779053C-5962-44D6-8F44-5AAA4ADF5AA2}.Release|Any CPU.ActiveCfg = Release|Any CPU
		{2779053C-5962-44D6-8F44-5AAA4ADF5AA2}.Release|Any CPU.Build.0 = Release|Any CPU
	EndGlobalSection
	GlobalSection(SolutionProperties) = preSolution
		HideSolutionNode = FALSE
	EndGlobalSection
	GlobalSection(ExtensibilityGlobals) = postSolution
		SolutionGuid = {CFEBB068-6751-47DF-906A-429B7989D355}
	EndGlobalSection
EndGlobal
